
Microsoft Visual Studio Solution File, Format Version 12.00
# Visual Studio Version 17
VisualStudioVersion = 17.3.32901.215
MinimumVisualStudioVersion = 10.0.40219.1
Project("{FAE04EC0-301F-11D3-BF4B-00C04F79EFBC}") = "Examen_Final_Progra", "Examen_Final_Progra\Examen_Final_Progra.csproj", "{F8431982-478F-4D4C-B4A7-CAA9330922EC}"
EndProject
Global
	GlobalSection(SolutionConfigurationPlatforms) = preSolution
		Debug|Any CPU = Debug|Any CPU
		Release|Any CPU = Release|Any CPU
	EndGlobalSection
	GlobalSection(ProjectConfigurationPlatforms) = postSolution
		{F8431982-478F-4D4C-B4A7-CAA9330922EC}.Debug|Any CPU.ActiveCfg = Debug|Any CPU
		{F8431982-478F-4D4C-B4A7-CAA9330922EC}.Debug|Any CPU.Build.0 = Debug|Any CPU
		{F8431982-478F-4D4C-B4A7-CAA9330922EC}.Release|Any CPU.ActiveCfg = Release|Any CPU
		{F8431982-478F-4D4C-B4A7-CAA9330922EC}.Release|Any CPU.Build.0 = Release|Any CPU
	EndGlobalSection
	GlobalSection(SolutionProperties) = preSolution
		HideSolutionNode = FALSE
	EndGlobalSection
	GlobalSection(ExtensibilityGlobals) = postSolution
		SolutionGuid = {7B02D6FA-269D-4EF9-8AF3-384F05ED230E}
	EndGlobalSection
EndGlobal
